
Microsoft Visual Studio Solution File, Format Version 12.00
# Visual Studio Version 16
VisualStudioVersion = 16.0.30413.136
MinimumVisualStudioVersion = 10.0.40219.1
Project("{FAE04EC0-301F-11D3-BF4B-00C04F79EFBC}") = "ЗИ ЛР", "ЗИ ЛР1\ЗИ ЛР.csproj", "{2FF8DF1A-C0E2-42D1-90BD-B08121BE9273}"
EndProject
Project("{FAE04EC0-301F-11D3-BF4B-00C04F79EFBC}") = "Installer", "Installer\Installer.csproj", "{545D955C-AB3A-4A74-BB44-54E6B1A6B7A8}"
EndProject
Global
	GlobalSection(SolutionConfigurationPlatforms) = preSolution
		Debug|Any CPU = Debug|Any CPU
		Release|Any CPU = Release|Any CPU
	EndGlobalSection
	GlobalSection(ProjectConfigurationPlatforms) = postSolution
		{2FF8DF1A-C0E2-42D1-90BD-B08121BE9273}.Debug|Any CPU.ActiveCfg = Debug|Any CPU
		{2FF8DF1A-C0E2-42D1-90BD-B08121BE9273}.Debug|Any CPU.Build.0 = Debug|Any CPU
		{2FF8DF1A-C0E2-42D1-90BD-B08121BE9273}.Release|Any CPU.ActiveCfg = Release|Any CPU
		{2FF8DF1A-C0E2-42D1-90BD-B08121BE9273}.Release|Any CPU.Build.0 = Release|Any CPU
		{545D955C-AB3A-4A74-BB44-54E6B1A6B7A8}.Debug|Any CPU.ActiveCfg = Debug|Any CPU
		{545D955C-AB3A-4A74-BB44-54E6B1A6B7A8}.Debug|Any CPU.Build.0 = Debug|Any CPU
		{545D955C-AB3A-4A74-BB44-54E6B1A6B7A8}.Release|Any CPU.ActiveCfg = Release|Any CPU
		{545D955C-AB3A-4A74-BB44-54E6B1A6B7A8}.Release|Any CPU.Build.0 = Release|Any CPU
	EndGlobalSection
	GlobalSection(SolutionProperties) = preSolution
		HideSolutionNode = FALSE
	EndGlobalSection
	GlobalSection(ExtensibilityGlobals) = postSolution
		SolutionGuid = {E9581ECF-A3BC-4D02-82C9-E38C01F0EC51}
	EndGlobalSection
EndGlobal
