
Microsoft Visual Studio Solution File, Format Version 12.00
# Visual Studio Version 16
VisualStudioVersion = 16.0.30413.136
MinimumVisualStudioVersion = 10.0.40219.1
Project("{9A19103F-16F7-4668-BE54-9A1E7A4F7556}") = "Lab1", "Lab1\Lab1.csproj", "{E7513E91-5915-4280-A2C8-E60B69474B28}"
EndProject
Project("{FAE04EC0-301F-11D3-BF4B-00C04F79EFBC}") = "Installer1", "Installer1\Installer1.csproj", "{C5B060E3-EAFB-4982-B155-4E9304FD67D6}"
EndProject
Global
	GlobalSection(SolutionConfigurationPlatforms) = preSolution
		Debug|Any CPU = Debug|Any CPU
		Release|Any CPU = Release|Any CPU
	EndGlobalSection
	GlobalSection(ProjectConfigurationPlatforms) = postSolution
		{E7513E91-5915-4280-A2C8-E60B69474B28}.Debug|Any CPU.ActiveCfg = Debug|Any CPU
		{E7513E91-5915-4280-A2C8-E60B69474B28}.Debug|Any CPU.Build.0 = Debug|Any CPU
		{E7513E91-5915-4280-A2C8-E60B69474B28}.Release|Any CPU.ActiveCfg = Release|Any CPU
		{E7513E91-5915-4280-A2C8-E60B69474B28}.Release|Any CPU.Build.0 = Release|Any CPU
		{C5B060E3-EAFB-4982-B155-4E9304FD67D6}.Debug|Any CPU.ActiveCfg = Debug|Any CPU
		{C5B060E3-EAFB-4982-B155-4E9304FD67D6}.Debug|Any CPU.Build.0 = Debug|Any CPU
		{C5B060E3-EAFB-4982-B155-4E9304FD67D6}.Release|Any CPU.ActiveCfg = Release|Any CPU
		{C5B060E3-EAFB-4982-B155-4E9304FD67D6}.Release|Any CPU.Build.0 = Release|Any CPU
	EndGlobalSection
	GlobalSection(SolutionProperties) = preSolution
		HideSolutionNode = FALSE
	EndGlobalSection
	GlobalSection(ExtensibilityGlobals) = postSolution
		SolutionGuid = {E9581ECF-A3BC-4D02-82C9-E38C01F0EC51}
	EndGlobalSection
EndGlobal
